
Microsoft Visual Studio Solution File, Format Version 9.00
# Visual Studio 2005
Project("{FAE04EC0-301F-11D3-BF4B-00C04F79EFBC}") = "推拉", "pull\推拉.csproj", "{F5FD734C-5569-43EB-8793-29F21E79AF81}"
EndProject
Global
	GlobalSection(SolutionConfigurationPlatforms) = preSolution
		Debug|Any CPU = Debug|Any CPU
		Release|Any CPU = Release|Any CPU
	EndGlobalSection
	GlobalSection(ProjectConfigurationPlatforms) = postSolution
		{F5FD734C-5569-43EB-8793-29F21E79AF81}.Debug|Any CPU.ActiveCfg = Debug|Any CPU
		{F5FD734C-5569-43EB-8793-29F21E79AF81}.Debug|Any CPU.Build.0 = Debug|Any CPU
		{F5FD734C-5569-43EB-8793-29F21E79AF81}.Release|Any CPU.ActiveCfg = Release|Any CPU
		{F5FD734C-5569-43EB-8793-29F21E79AF81}.Release|Any CPU.Build.0 = Release|Any CPU
	EndGlobalSection
	GlobalSection(SolutionProperties) = preSolution
		HideSolutionNode = FALSE
	EndGlobalSection
EndGlobal
